# Generated by pub
# See http://pub.dartlang.org/doc/glossary.html#lockfile
packages:
  browser:
    description: browser
    source: hosted
    version: "0.10.0+2"
  datgui:
    description:
      ref: null
      resolved-ref: "604b219958d90a489fd243dbd8e841794bf87870"
      url: "git://github.com/cgrabowski/datgui.git"
    source: git
    version: "0.2.0+2"
  stats:
    description:
      ref: null
      resolved-ref: "0f9b8a485d9f44bc0f1858f7c584779ef9065917"
      url: "git://github.com/Dartist/stats.dart.git"
    source: git
    version: "0.1.3-dev"
  three:
    description:
      ref: null
      resolved-ref: "06acdb718c0674db71eff3ff4fb0cbcef5ff77a2"
      url: "https://github.com/threeDart/three.dart"
    source: git
    version: "0.2.5+1"
  vector_math:
    description: vector_math
    source: hosted
    version: "1.4.3"
